
Microsoft Visual Studio Solution File, Format Version 12.00
# Visual Studio Version 17
VisualStudioVersion = 17.10.34928.147
MinimumVisualStudioVersion = 10.0.40219.1
Project("{FAE04EC0-301F-11D3-BF4B-00C04F79EFBC}") = "Net8AngularWithIISWindowsDomainUserIdentity.Server", "Net8AngularWithIISWindowsDomainUserIdentity.Server\Net8AngularWithIISWindowsDomainUserIdentity.Server.csproj", "{1BB09314-1DF2-43F0-9A27-501EF2FACC9F}"
EndProject
Project("{54A90642-561A-4BB1-A94E-469ADEE60C69}") = "net8angularwithiiswindowsdomainuseridentity.client", "net8angularwithiiswindowsdomainuseridentity.client\net8angularwithiiswindowsdomainuseridentity.client.esproj", "{B3C0B253-8C3C-433C-BCCB-661D15198431}"
EndProject
Global
	GlobalSection(SolutionConfigurationPlatforms) = preSolution
		Debug|Any CPU = Debug|Any CPU
		Release|Any CPU = Release|Any CPU
	EndGlobalSection
	GlobalSection(ProjectConfigurationPlatforms) = postSolution
		{1BB09314-1DF2-43F0-9A27-501EF2FACC9F}.Debug|Any CPU.ActiveCfg = Debug|Any CPU
		{1BB09314-1DF2-43F0-9A27-501EF2FACC9F}.Debug|Any CPU.Build.0 = Debug|Any CPU
		{1BB09314-1DF2-43F0-9A27-501EF2FACC9F}.Release|Any CPU.ActiveCfg = Release|Any CPU
		{1BB09314-1DF2-43F0-9A27-501EF2FACC9F}.Release|Any CPU.Build.0 = Release|Any CPU
		{B3C0B253-8C3C-433C-BCCB-661D15198431}.Debug|Any CPU.ActiveCfg = Debug|Any CPU
		{B3C0B253-8C3C-433C-BCCB-661D15198431}.Debug|Any CPU.Build.0 = Debug|Any CPU
		{B3C0B253-8C3C-433C-BCCB-661D15198431}.Debug|Any CPU.Deploy.0 = Debug|Any CPU
		{B3C0B253-8C3C-433C-BCCB-661D15198431}.Release|Any CPU.ActiveCfg = Release|Any CPU
		{B3C0B253-8C3C-433C-BCCB-661D15198431}.Release|Any CPU.Build.0 = Release|Any CPU
		{B3C0B253-8C3C-433C-BCCB-661D15198431}.Release|Any CPU.Deploy.0 = Release|Any CPU
	EndGlobalSection
	GlobalSection(SolutionProperties) = preSolution
		HideSolutionNode = FALSE
	EndGlobalSection
	GlobalSection(ExtensibilityGlobals) = postSolution
		SolutionGuid = {DA476CF1-216E-4CB8-AD4B-9C1FE075B2F3}
	EndGlobalSection
EndGlobal
